
Microsoft Visual Studio Solution File, Format Version 10.00
# Visual C++ Express 2008
Project("{8BC9CEB8-8B4A-11D0-8D11-00A0C91BC942}") = "001_dtprintf", "001_dtprintf\dtprintf_2008.vcproj", "{64504A37-45FF-4AB5-9758-BCE23D52E7DD}"
EndProject
Project("{8BC9CEB8-8B4A-11D0-8D11-00A0C91BC942}") = "002_Window", "002_Window\Window_2008.vcproj", "{1CD01D0E-B7D1-4154-9982-86F9E914D2A4}"
EndProject
Project("{8BC9CEB8-8B4A-11D0-8D11-00A0C91BC942}") = "003_Dx11Init", "003_Dx11Init\Dx11Init_2008.vcproj", "{6BEE38C6-C1DB-4D7A-AB59-4B1E9980DA49}"
EndProject
Project("{8BC9CEB8-8B4A-11D0-8D11-00A0C91BC942}") = "004_Dx11Polygon", "004_Dx11Polygon\Dx11Polygon_2008.vcproj", "{072A6E08-54AB-4F06-8AFF-760FDF206B13}"
EndProject
Project("{8BC9CEB8-8B4A-11D0-8D11-00A0C91BC942}") = "005_Dx11IndexBuffer", "005_Dx11IndexBuffer\Dx11IndexBuffer_2008.vcproj", "{F9F89546-03D5-429F-B44C-FBE8C585E4E9}"
EndProject
Project("{8BC9CEB8-8B4A-11D0-8D11-00A0C91BC942}") = "006_Dx11ConstantBuffer", "006_Dx11ConstantBuffer\Dx11ConstantBuffer_2008.vcproj", "{81DDD20C-6A01-4DC9-96F1-E7BC08DC2DD5}"
EndProject
Project("{8BC9CEB8-8B4A-11D0-8D11-00A0C91BC942}") = "007_Dx11DeferredContext", "007_Dx11DeferredContext\Dx11DeferredContext_2008.vcproj", "{BF0CFCAF-ADDA-40C6-8A16-1398E277DD69}"
EndProject
Project("{8BC9CEB8-8B4A-11D0-8D11-00A0C91BC942}") = "008_Dx11Perspective", "008_Dx11Perspective\Dx11Perspective_2008.vcproj", "{41E4EDAB-2A51-4D55-A4DD-0CCF7D1723EB}"
EndProject
Project("{8BC9CEB8-8B4A-11D0-8D11-00A0C91BC942}") = "009_Dx11DepthStencilState", "009_Dx11DepthStencilState\Dx11DepthStencilState.vcproj", "{678B75A0-23FE-4A7A-AD09-BC95446B372F}"
EndProject
Project("{8BC9CEB8-8B4A-11D0-8D11-00A0C91BC942}") = "010_Dx11TriaxialLines", "010_Dx11TriaxialLines\Dx11TriaxialLines.vcproj", "{2B8AEB7D-8C66-4898-BDB9-4633EAE86A13}"
EndProject
Project("{8BC9CEB8-8B4A-11D0-8D11-00A0C91BC942}") = "011_Dx11MetasequoiaNormal", "011_Dx11MetasequoiaNormal\Dx11MetasequoiaNormal.vcproj", "{479C78FD-F26F-47B8-A128-DA4B6415CFF4}"
EndProject
Project("{8BC9CEB8-8B4A-11D0-8D11-00A0C91BC942}") = "012_Dx11MetasequoiaLambert", "012_Dx11MetasequoiaLambert\Dx11MetasequoiaLambert.vcproj", "{AB158B6A-C5D0-4F9B-96F6-020F6605625F}"
EndProject
Global
	GlobalSection(SolutionConfigurationPlatforms) = preSolution
		Debug|Win32 = Debug|Win32
		Release|Win32 = Release|Win32
	EndGlobalSection
	GlobalSection(ProjectConfigurationPlatforms) = postSolution
		{64504A37-45FF-4AB5-9758-BCE23D52E7DD}.Debug|Win32.ActiveCfg = Debug|Win32
		{64504A37-45FF-4AB5-9758-BCE23D52E7DD}.Debug|Win32.Build.0 = Debug|Win32
		{64504A37-45FF-4AB5-9758-BCE23D52E7DD}.Release|Win32.ActiveCfg = Release|Win32
		{64504A37-45FF-4AB5-9758-BCE23D52E7DD}.Release|Win32.Build.0 = Release|Win32
		{1CD01D0E-B7D1-4154-9982-86F9E914D2A4}.Debug|Win32.ActiveCfg = Debug|Win32
		{1CD01D0E-B7D1-4154-9982-86F9E914D2A4}.Debug|Win32.Build.0 = Debug|Win32
		{1CD01D0E-B7D1-4154-9982-86F9E914D2A4}.Release|Win32.ActiveCfg = Release|Win32
		{1CD01D0E-B7D1-4154-9982-86F9E914D2A4}.Release|Win32.Build.0 = Release|Win32
		{6BEE38C6-C1DB-4D7A-AB59-4B1E9980DA49}.Debug|Win32.ActiveCfg = Debug|Win32
		{6BEE38C6-C1DB-4D7A-AB59-4B1E9980DA49}.Debug|Win32.Build.0 = Debug|Win32
		{6BEE38C6-C1DB-4D7A-AB59-4B1E9980DA49}.Release|Win32.ActiveCfg = Release|Win32
		{6BEE38C6-C1DB-4D7A-AB59-4B1E9980DA49}.Release|Win32.Build.0 = Release|Win32
		{072A6E08-54AB-4F06-8AFF-760FDF206B13}.Debug|Win32.ActiveCfg = Debug|Win32
		{072A6E08-54AB-4F06-8AFF-760FDF206B13}.Debug|Win32.Build.0 = Debug|Win32
		{072A6E08-54AB-4F06-8AFF-760FDF206B13}.Release|Win32.ActiveCfg = Release|Win32
		{072A6E08-54AB-4F06-8AFF-760FDF206B13}.Release|Win32.Build.0 = Release|Win32
		{F9F89546-03D5-429F-B44C-FBE8C585E4E9}.Debug|Win32.ActiveCfg = Debug|Win32
		{F9F89546-03D5-429F-B44C-FBE8C585E4E9}.Debug|Win32.Build.0 = Debug|Win32
		{F9F89546-03D5-429F-B44C-FBE8C585E4E9}.Release|Win32.ActiveCfg = Release|Win32
		{F9F89546-03D5-429F-B44C-FBE8C585E4E9}.Release|Win32.Build.0 = Release|Win32
		{81DDD20C-6A01-4DC9-96F1-E7BC08DC2DD5}.Debug|Win32.ActiveCfg = Debug|Win32
		{81DDD20C-6A01-4DC9-96F1-E7BC08DC2DD5}.Debug|Win32.Build.0 = Debug|Win32
		{81DDD20C-6A01-4DC9-96F1-E7BC08DC2DD5}.Release|Win32.ActiveCfg = Release|Win32
		{81DDD20C-6A01-4DC9-96F1-E7BC08DC2DD5}.Release|Win32.Build.0 = Release|Win32
		{BF0CFCAF-ADDA-40C6-8A16-1398E277DD69}.Debug|Win32.ActiveCfg = Debug|Win32
		{BF0CFCAF-ADDA-40C6-8A16-1398E277DD69}.Debug|Win32.Build.0 = Debug|Win32
		{BF0CFCAF-ADDA-40C6-8A16-1398E277DD69}.Release|Win32.ActiveCfg = Release|Win32
		{BF0CFCAF-ADDA-40C6-8A16-1398E277DD69}.Release|Win32.Build.0 = Release|Win32
		{41E4EDAB-2A51-4D55-A4DD-0CCF7D1723EB}.Debug|Win32.ActiveCfg = Debug|Win32
		{41E4EDAB-2A51-4D55-A4DD-0CCF7D1723EB}.Debug|Win32.Build.0 = Debug|Win32
		{41E4EDAB-2A51-4D55-A4DD-0CCF7D1723EB}.Release|Win32.ActiveCfg = Release|Win32
		{41E4EDAB-2A51-4D55-A4DD-0CCF7D1723EB}.Release|Win32.Build.0 = Release|Win32
		{678B75A0-23FE-4A7A-AD09-BC95446B372F}.Debug|Win32.ActiveCfg = Debug|Win32
		{678B75A0-23FE-4A7A-AD09-BC95446B372F}.Debug|Win32.Build.0 = Debug|Win32
		{678B75A0-23FE-4A7A-AD09-BC95446B372F}.Release|Win32.ActiveCfg = Release|Win32
		{678B75A0-23FE-4A7A-AD09-BC95446B372F}.Release|Win32.Build.0 = Release|Win32
		{2B8AEB7D-8C66-4898-BDB9-4633EAE86A13}.Debug|Win32.ActiveCfg = Debug|Win32
		{2B8AEB7D-8C66-4898-BDB9-4633EAE86A13}.Debug|Win32.Build.0 = Debug|Win32
		{2B8AEB7D-8C66-4898-BDB9-4633EAE86A13}.Release|Win32.ActiveCfg = Release|Win32
		{2B8AEB7D-8C66-4898-BDB9-4633EAE86A13}.Release|Win32.Build.0 = Release|Win32
		{479C78FD-F26F-47B8-A128-DA4B6415CFF4}.Debug|Win32.ActiveCfg = Debug|Win32
		{479C78FD-F26F-47B8-A128-DA4B6415CFF4}.Debug|Win32.Build.0 = Debug|Win32
		{479C78FD-F26F-47B8-A128-DA4B6415CFF4}.Release|Win32.ActiveCfg = Release|Win32
		{479C78FD-F26F-47B8-A128-DA4B6415CFF4}.Release|Win32.Build.0 = Release|Win32
		{AB158B6A-C5D0-4F9B-96F6-020F6605625F}.Debug|Win32.ActiveCfg = Debug|Win32
		{AB158B6A-C5D0-4F9B-96F6-020F6605625F}.Debug|Win32.Build.0 = Debug|Win32
		{AB158B6A-C5D0-4F9B-96F6-020F6605625F}.Release|Win32.ActiveCfg = Release|Win32
		{AB158B6A-C5D0-4F9B-96F6-020F6605625F}.Release|Win32.Build.0 = Release|Win32
	EndGlobalSection
	GlobalSection(SolutionProperties) = preSolution
		HideSolutionNode = FALSE
	EndGlobalSection
EndGlobal
